
Microsoft Visual Studio Solution File, Format Version 12.00
# Visual Studio Version 17
VisualStudioVersion = 17.1.32421.90
MinimumVisualStudioVersion = 10.0.40219.1
Project("{FAE04EC0-301F-11D3-BF4B-00C04F79EFBC}") = "BlazorGitHubPages", "BlazorGitHubPages\BlazorGitHubPages.csproj", "{F5B576CF-FED4-42B6-BD5E-73472186E1B5}"
EndProject
Global
	GlobalSection(SolutionConfigurationPlatforms) = preSolution
		Debug|Any CPU = Debug|Any CPU
		Release|Any CPU = Release|Any CPU
	EndGlobalSection
	GlobalSection(ProjectConfigurationPlatforms) = postSolution
		{F5B576CF-FED4-42B6-BD5E-73472186E1B5}.Debug|Any CPU.ActiveCfg = Debug|Any CPU
		{F5B576CF-FED4-42B6-BD5E-73472186E1B5}.Debug|Any CPU.Build.0 = Debug|Any CPU
		{F5B576CF-FED4-42B6-BD5E-73472186E1B5}.Release|Any CPU.ActiveCfg = Release|Any CPU
		{F5B576CF-FED4-42B6-BD5E-73472186E1B5}.Release|Any CPU.Build.0 = Release|Any CPU
	EndGlobalSection
	GlobalSection(SolutionProperties) = preSolution
		HideSolutionNode = FALSE
	EndGlobalSection
	GlobalSection(ExtensibilityGlobals) = postSolution
		SolutionGuid = {B6A10925-DCFB-4F5F-A74F-56815BAC4BC6}
	EndGlobalSection
EndGlobal
